
Microsoft Visual Studio Solution File, Format Version 10.00
# Visual Studio 2008
Project("{FAE04EC0-301F-11D3-BF4B-00C04F79EFBC}") = "ImageComparator", "ImageComparator\ImageComparator.csproj", "{04C06855-4D15-4E39-B460-257E4CC0B65A}"
EndProject
Global
	GlobalSection(SolutionConfigurationPlatforms) = preSolution
		Debug|Any CPU = Debug|Any CPU
		Release|Any CPU = Release|Any CPU
	EndGlobalSection
	GlobalSection(ProjectConfigurationPlatforms) = postSolution
		{04C06855-4D15-4E39-B460-257E4CC0B65A}.Debug|Any CPU.ActiveCfg = Debug|Any CPU
		{04C06855-4D15-4E39-B460-257E4CC0B65A}.Debug|Any CPU.Build.0 = Debug|Any CPU
		{04C06855-4D15-4E39-B460-257E4CC0B65A}.Release|Any CPU.ActiveCfg = Release|Any CPU
		{04C06855-4D15-4E39-B460-257E4CC0B65A}.Release|Any CPU.Build.0 = Release|Any CPU
	EndGlobalSection
	GlobalSection(SolutionProperties) = preSolution
		HideSolutionNode = FALSE
	EndGlobalSection
EndGlobal
